
Microsoft Visual Studio Solution File, Format Version 12.00
# Visual Studio Version 17
VisualStudioVersion = 17.6.33829.357
MinimumVisualStudioVersion = 10.0.40219.1
Project("{2150E333-8FDC-42A3-9474-1A3956D46DE8}") = "1 - Presentation", "1 - Presentation", "{FBEC45AE-203E-40D5-8FC6-BB2105CF2FFC}"
EndProject
Project("{2150E333-8FDC-42A3-9474-1A3956D46DE8}") = "2 - Application", "2 - Application", "{C35EB2B5-7276-43D5-ADDB-F233A13B7CD2}"
EndProject
Project("{2150E333-8FDC-42A3-9474-1A3956D46DE8}") = "3 - Domain", "3 - Domain", "{CE1342A3-C388-4178-A1B7-2F79CF1869B0}"
EndProject
Project("{2150E333-8FDC-42A3-9474-1A3956D46DE8}") = "4 - Infrastructure", "4 - Infrastructure", "{1515813A-B371-40CE-9426-95B4807CCD93}"
EndProject
Project("{FAE04EC0-301F-11D3-BF4B-00C04F79EFBC}") = "ShawAndPartners.API", "ShawAndPartners.API\ShawAndPartners.API.csproj", "{1BB25FB8-A2FB-4CE2-8844-C52ACF602D42}"
EndProject
Project("{FAE04EC0-301F-11D3-BF4B-00C04F79EFBC}") = "ShawAndPartners.Application", "ShawAndPartners.Application\ShawAndPartners.Application.csproj", "{5FBF43BB-8797-4596-95CC-22A8E7388E63}"
EndProject
Project("{FAE04EC0-301F-11D3-BF4B-00C04F79EFBC}") = "ShawAndPartners.Domain", "ShawAndPartners.Domain\ShawAndPartners.Domain.csproj", "{2AF2397E-6432-4841-8AFE-2C596B9F7C54}"
EndProject
Project("{FAE04EC0-301F-11D3-BF4B-00C04F79EFBC}") = "ShawAndPartners.Infrastructure.Configuration", "ShawAndPartners.Infrastructure.Configuration\ShawAndPartners.Infrastructure.Configuration.csproj", "{A2AEC668-E818-4A69-9BD1-2023950AA04C}"
EndProject
Project("{FAE04EC0-301F-11D3-BF4B-00C04F79EFBC}") = "ShawAndPartners.Infrastructure.Database", "ShawAndPartners.Infrastructure.Database\ShawAndPartners.Infrastructure.Database.csproj", "{EF407023-F679-4F26-ABA1-CCA314FA2326}"
EndProject
Project("{2150E333-8FDC-42A3-9474-1A3956D46DE8}") = "5 - Tests", "5 - Tests", "{6EEE3EAB-FBC3-4628-B063-DA423FC641B1}"
EndProject
Project("{FAE04EC0-301F-11D3-BF4B-00C04F79EFBC}") = "ShawAndPartners.Tests", "ShawAndPartners.Tests\ShawAndPartners.Tests.csproj", "{D03AB9E4-4E45-43D6-B5D8-DBE7A8007697}"
EndProject
Global
	GlobalSection(SolutionConfigurationPlatforms) = preSolution
		Debug|Any CPU = Debug|Any CPU
		Release|Any CPU = Release|Any CPU
	EndGlobalSection
	GlobalSection(ProjectConfigurationPlatforms) = postSolution
		{1BB25FB8-A2FB-4CE2-8844-C52ACF602D42}.Debug|Any CPU.ActiveCfg = Debug|Any CPU
		{1BB25FB8-A2FB-4CE2-8844-C52ACF602D42}.Debug|Any CPU.Build.0 = Debug|Any CPU
		{1BB25FB8-A2FB-4CE2-8844-C52ACF602D42}.Release|Any CPU.ActiveCfg = Release|Any CPU
		{1BB25FB8-A2FB-4CE2-8844-C52ACF602D42}.Release|Any CPU.Build.0 = Release|Any CPU
		{5FBF43BB-8797-4596-95CC-22A8E7388E63}.Debug|Any CPU.ActiveCfg = Debug|Any CPU
		{5FBF43BB-8797-4596-95CC-22A8E7388E63}.Debug|Any CPU.Build.0 = Debug|Any CPU
		{5FBF43BB-8797-4596-95CC-22A8E7388E63}.Release|Any CPU.ActiveCfg = Release|Any CPU
		{5FBF43BB-8797-4596-95CC-22A8E7388E63}.Release|Any CPU.Build.0 = Release|Any CPU
		{2AF2397E-6432-4841-8AFE-2C596B9F7C54}.Debug|Any CPU.ActiveCfg = Debug|Any CPU
		{2AF2397E-6432-4841-8AFE-2C596B9F7C54}.Debug|Any CPU.Build.0 = Debug|Any CPU
		{2AF2397E-6432-4841-8AFE-2C596B9F7C54}.Release|Any CPU.ActiveCfg = Release|Any CPU
		{2AF2397E-6432-4841-8AFE-2C596B9F7C54}.Release|Any CPU.Build.0 = Release|Any CPU
		{A2AEC668-E818-4A69-9BD1-2023950AA04C}.Debug|Any CPU.ActiveCfg = Debug|Any CPU
		{A2AEC668-E818-4A69-9BD1-2023950AA04C}.Debug|Any CPU.Build.0 = Debug|Any CPU
		{A2AEC668-E818-4A69-9BD1-2023950AA04C}.Release|Any CPU.ActiveCfg = Release|Any CPU
		{A2AEC668-E818-4A69-9BD1-2023950AA04C}.Release|Any CPU.Build.0 = Release|Any CPU
		{EF407023-F679-4F26-ABA1-CCA314FA2326}.Debug|Any CPU.ActiveCfg = Debug|Any CPU
		{EF407023-F679-4F26-ABA1-CCA314FA2326}.Debug|Any CPU.Build.0 = Debug|Any CPU
		{EF407023-F679-4F26-ABA1-CCA314FA2326}.Release|Any CPU.ActiveCfg = Release|Any CPU
		{EF407023-F679-4F26-ABA1-CCA314FA2326}.Release|Any CPU.Build.0 = Release|Any CPU
		{D03AB9E4-4E45-43D6-B5D8-DBE7A8007697}.Debug|Any CPU.ActiveCfg = Debug|Any CPU
		{D03AB9E4-4E45-43D6-B5D8-DBE7A8007697}.Debug|Any CPU.Build.0 = Debug|Any CPU
		{D03AB9E4-4E45-43D6-B5D8-DBE7A8007697}.Release|Any CPU.ActiveCfg = Release|Any CPU
		{D03AB9E4-4E45-43D6-B5D8-DBE7A8007697}.Release|Any CPU.Build.0 = Release|Any CPU
	EndGlobalSection
	GlobalSection(SolutionProperties) = preSolution
		HideSolutionNode = FALSE
	EndGlobalSection
	GlobalSection(NestedProjects) = preSolution
		{1BB25FB8-A2FB-4CE2-8844-C52ACF602D42} = {FBEC45AE-203E-40D5-8FC6-BB2105CF2FFC}
		{5FBF43BB-8797-4596-95CC-22A8E7388E63} = {C35EB2B5-7276-43D5-ADDB-F233A13B7CD2}
		{2AF2397E-6432-4841-8AFE-2C596B9F7C54} = {CE1342A3-C388-4178-A1B7-2F79CF1869B0}
		{A2AEC668-E818-4A69-9BD1-2023950AA04C} = {1515813A-B371-40CE-9426-95B4807CCD93}
		{EF407023-F679-4F26-ABA1-CCA314FA2326} = {1515813A-B371-40CE-9426-95B4807CCD93}
		{D03AB9E4-4E45-43D6-B5D8-DBE7A8007697} = {6EEE3EAB-FBC3-4628-B063-DA423FC641B1}
	EndGlobalSection
	GlobalSection(ExtensibilityGlobals) = postSolution
		SolutionGuid = {8B7F1E93-F4A7-4920-BFF1-948FDF187D40}
	EndGlobalSection
EndGlobal
